// !$*UTF8*$!
{
	archiveVersion = 1;
	classes = {
	};
	objectVersion = 55;
	objects = {

/* Begin PBXBuildFile section */
		27A5E73728CE34D1003B9C36 /* AppDelegate.swift in Sources */ = {isa = PBXBuildFile; fileRef = 27A5E73628CE34D1003B9C36 /* AppDelegate.swift */; };
		27A5E73928CE34D1003B9C36 /* SceneDelegate.swift in Sources */ = {isa = PBXBuildFile; fileRef = 27A5E73828CE34D1003B9C36 /* SceneDelegate.swift */; };
		27A5E73E28CE34D1003B9C36 /* Main.storyboard in Resources */ = {isa = PBXBuildFile; fileRef = 27A5E73C28CE34D1003B9C36 /* Main.storyboard */; };
		27A5E74028CE34D2003B9C36 /* Assets.xcassets in Resources */ = {isa = PBXBuildFile; fileRef = 27A5E73F28CE34D2003B9C36 /* Assets.xcassets */; };
		27A5E74328CE34D2003B9C36 /* LaunchScreen.storyboard in Resources */ = {isa = PBXBuildFile; fileRef = 27A5E74128CE34D2003B9C36 /* LaunchScreen.storyboard */; };
		27A5E74E28CE34D2003B9C36 /* GoodNewsTests.swift in Sources */ = {isa = PBXBuildFile; fileRef = 27A5E74D28CE34D2003B9C36 /* GoodNewsTests.swift */; };
		27A5E75828CE34D2003B9C36 /* GoodNewsUITests.swift in Sources */ = {isa = PBXBuildFile; fileRef = 27A5E75728CE34D2003B9C36 /* GoodNewsUITests.swift */; };
		27A5E75A28CE34D2003B9C36 /* GoodNewsUITestsLaunchTests.swift in Sources */ = {isa = PBXBuildFile; fileRef = 27A5E75928CE34D2003B9C36 /* GoodNewsUITestsLaunchTests.swift */; };
		27A5E76828CE3589003B9C36 /* NewsListTableViewController.swift in Sources */ = {isa = PBXBuildFile; fileRef = 27A5E76728CE3589003B9C36 /* NewsListTableViewController.swift */; };
		27A5E76B28CE3B6F003B9C36 /* Then in Frameworks */ = {isa = PBXBuildFile; productRef = 27A5E76A28CE3B6F003B9C36 /* Then */; };
		27A5E76E28CE3B8D003B9C36 /* WebService.swift in Sources */ = {isa = PBXBuildFile; fileRef = 27A5E76D28CE3B8D003B9C36 /* WebService.swift */; };
		27A5E77128CE3BBC003B9C36 /* SnapKit in Frameworks */ = {isa = PBXBuildFile; productRef = 27A5E77028CE3BBC003B9C36 /* SnapKit */; };
		27A5E77428CE3E72003B9C36 /* Article.swift in Sources */ = {isa = PBXBuildFile; fileRef = 27A5E77328CE3E72003B9C36 /* Article.swift */; };
		27A5E77728CE42BB003B9C36 /* Alamofire in Frameworks */ = {isa = PBXBuildFile; productRef = 27A5E77628CE42BB003B9C36 /* Alamofire */; };
		27A5E77A28CE476A003B9C36 /* ArticleViewModel.swift in Sources */ = {isa = PBXBuildFile; fileRef = 27A5E77928CE476A003B9C36 /* ArticleViewModel.swift */; };
		27A5E77F28CE4B91003B9C36 /* ArticleTableViewCell.swift in Sources */ = {isa = PBXBuildFile; fileRef = 27A5E77E28CE4B91003B9C36 /* ArticleTableViewCell.swift */; };
/* End PBXBuildFile section */

/* Begin PBXContainerItemProxy section */
		27A5E74A28CE34D2003B9C36 /* PBXContainerItemProxy */ = {
			isa = PBXContainerItemProxy;
			containerPortal = 27A5E72B28CE34D1003B9C36 /* Project object */;
			proxyType = 1;
			remoteGlobalIDString = 27A5E73228CE34D1003B9C36;
			remoteInfo = GoodNews;
		};
		27A5E75428CE34D2003B9C36 /* PBXContainerItemProxy */ = {
			isa = PBXContainerItemProxy;
			containerPortal = 27A5E72B28CE34D1003B9C36 /* Project object */;
			proxyType = 1;
			remoteGlobalIDString = 27A5E73228CE34D1003B9C36;
			remoteInfo = GoodNews;
		};
/* End PBXContainerItemProxy section */

/* Begin PBXFileReference section */
		27A5E73328CE34D1003B9C36 /* GoodNews.app */ = {isa = PBXFileReference; explicitFileType = wrapper.application; includeInIndex = 0; path = GoodNews.app; sourceTree = BUILT_PRODUCTS_DIR; };
		27A5E73628CE34D1003B9C36 /* AppDelegate.swift */ = {isa = PBXFileReference; lastKnownFileType = sourcecode.swift; path = AppDelegate.swift; sourceTree = "<group>"; };
		27A5E73828CE34D1003B9C36 /* SceneDelegate.swift */ = {isa = PBXFileReference; lastKnownFileType = sourcecode.swift; path = SceneDelegate.swift; sourceTree = "<group>"; };
		27A5E73D28CE34D1003B9C36 /* Base */ = {isa = PBXFileReference; lastKnownFileType = file.storyboard; name = Base; path = Base.lproj/Main.storyboard; sourceTree = "<group>"; };
		27A5E73F28CE34D2003B9C36 /* Assets.xcassets */ = {isa = PBXFileReference; lastKnownFileType = folder.assetcatalog; path = Assets.xcassets; sourceTree = "<group>"; };
		27A5E74228CE34D2003B9C36 /* Base */ = {isa = PBXFileReference; lastKnownFileType = file.storyboard; name = Base; path = Base.lproj/LaunchScreen.storyboard; sourceTree = "<group>"; };
		27A5E74428CE34D2003B9C36 /* Info.plist */ = {isa = PBXFileReference; lastKnownFileType = text.plist.xml; path = Info.plist; sourceTree = "<group>"; };
		27A5E74928CE34D2003B9C36 /* GoodNewsTests.xctest */ = {isa = PBXFileReference; explicitFileType = wrapper.cfbundle; includeInIndex = 0; path = GoodNewsTests.xctest; sourceTree = BUILT_PRODUCTS_DIR; };
		27A5E74D28CE34D2003B9C36 /* GoodNewsTests.swift */ = {isa = PBXFileReference; lastKnownFileType = sourcecode.swift; path = GoodNewsTests.swift; sourceTree = "<group>"; };
		27A5E75328CE34D2003B9C36 /* GoodNewsUITests.xctest */ = {isa = PBXFileReference; explicitFileType = wrapper.cfbundle; includeInIndex = 0; path = GoodNewsUITests.xctest; sourceTree = BUILT_PRODUCTS_DIR; };
		27A5E75728CE34D2003B9C36 /* GoodNewsUITests.swift */ = {isa = PBXFileReference; lastKnownFileType = sourcecode.swift; path = GoodNewsUITests.swift; sourceTree = "<group>"; };
		27A5E75928CE34D2003B9C36 /* GoodNewsUITestsLaunchTests.swift */ = {isa = PBXFileReference; lastKnownFileType = sourcecode.swift; path = GoodNewsUITestsLaunchTests.swift; sourceTree = "<group>"; };
		27A5E76728CE3589003B9C36 /* NewsListTableViewController.swift */ = {isa = PBXFileReference; lastKnownFileType = sourcecode.swift; path = NewsListTableViewController.swift; sourceTree = "<group>"; };
		27A5E76D28CE3B8D003B9C36 /* WebService.swift */ = {isa = PBXFileReference; lastKnownFileType = sourcecode.swift; path = WebService.swift; sourceTree = "<group>"; };
		27A5E77328CE3E72003B9C36 /* Article.swift */ = {isa = PBXFileReference; lastKnownFileType = sourcecode.swift; path = Article.swift; sourceTree = "<group>"; };
		27A5E77928CE476A003B9C36 /* ArticleViewModel.swift */ = {isa = PBXFileReference; lastKnownFileType = sourcecode.swift; path = ArticleViewModel.swift; sourceTree = "<group>"; };
		27A5E77E28CE4B91003B9C36 /* ArticleTableViewCell.swift */ = {isa = PBXFileReference; lastKnownFileType = sourcecode.swift; path = ArticleTableViewCell.swift; sourceTree = "<group>"; };
/* End PBXFileReference section */

/* Begin PBXFrameworksBuildPhase section */
		27A5E73028CE34D1003B9C36 /* Frameworks */ = {
			isa = PBXFrameworksBuildPhase;
			buildActionMask = 2147483647;
			files = (
				27A5E77728CE42BB003B9C36 /* Alamofire in Frameworks */,
				27A5E76B28CE3B6F003B9C36 /* Then in Frameworks */,
				27A5E77128CE3BBC003B9C36 /* SnapKit in Frameworks */,
			);
			runOnlyForDeploymentPostprocessing = 0;
		};
		27A5E74628CE34D2003B9C36 /* Frameworks */ = {
			isa = PBXFrameworksBuildPhase;
			buildActionMask = 2147483647;
			files = (
			);
			runOnlyForDeploymentPostprocessing = 0;
		};
		27A5E75028CE34D2003B9C36 /* Frameworks */ = {
			isa = PBXFrameworksBuildPhase;
			buildActionMask = 2147483647;
			files = (
			);
			runOnlyForDeploymentPostprocessing = 0;
		};
/* End PBXFrameworksBuildPhase section */

/* Begin PBXGroup section */
		27A5E72A28CE34D1003B9C36 = {
			isa = PBXGroup;
			children = (
				27A5E73528CE34D1003B9C36 /* GoodNews */,
				27A5E74C28CE34D2003B9C36 /* GoodNewsTests */,
				27A5E75628CE34D2003B9C36 /* GoodNewsUITests */,
				27A5E73428CE34D1003B9C36 /* Products */,
			);
			sourceTree = "<group>";
		};
		27A5E73428CE34D1003B9C36 /* Products */ = {
			isa = PBXGroup;
			children = (
				27A5E73328CE34D1003B9C36 /* GoodNews.app */,
				27A5E74928CE34D2003B9C36 /* GoodNewsTests.xctest */,
				27A5E75328CE34D2003B9C36 /* GoodNewsUITests.xctest */,
			);
			name = Products;
			sourceTree = "<group>";
		};
		27A5E73528CE34D1003B9C36 /* GoodNews */ = {
			isa = PBXGroup;
			children = (
				27A5E77D28CE4B7F003B9C36 /* Cells */,
				27A5E77828CE4748003B9C36 /* ViewModels */,
				27A5E77228CE3E5F003B9C36 /* Models */,
				27A5E76C28CE3B7A003B9C36 /* Services */,
				27A5E76628CE356E003B9C36 /* Controllers */,
				27A5E73C28CE34D1003B9C36 /* Main.storyboard */,
				27A5E73628CE34D1003B9C36 /* AppDelegate.swift */,
				27A5E73828CE34D1003B9C36 /* SceneDelegate.swift */,
				27A5E73F28CE34D2003B9C36 /* Assets.xcassets */,
				27A5E74128CE34D2003B9C36 /* LaunchScreen.storyboard */,
				27A5E74428CE34D2003B9C36 /* Info.plist */,
			);
			path = GoodNews;
			sourceTree = "<group>";
		};
		27A5E74C28CE34D2003B9C36 /* GoodNewsTests */ = {
			isa = PBXGroup;
			children = (
				27A5E74D28CE34D2003B9C36 /* GoodNewsTests.swift */,
			);
			path = GoodNewsTests;
			sourceTree = "<group>";
		};
		27A5E75628CE34D2003B9C36 /* GoodNewsUITests */ = {
			isa = PBXGroup;
			children = (
				27A5E75728CE34D2003B9C36 /* GoodNewsUITests.swift */,
				27A5E75928CE34D2003B9C36 /* GoodNewsUITestsLaunchTests.swift */,
			);
			path = GoodNewsUITests;
			sourceTree = "<group>";
		};
		27A5E76628CE356E003B9C36 /* Controllers */ = {
			isa = PBXGroup;
			children = (
				27A5E76728CE3589003B9C36 /* NewsListTableViewController.swift */,
			);
			path = Controllers;
			sourceTree = "<group>";
		};
		27A5E76C28CE3B7A003B9C36 /* Services */ = {
			isa = PBXGroup;
			children = (
				27A5E76D28CE3B8D003B9C36 /* WebService.swift */,
			);
			path = Services;
			sourceTree = "<group>";
		};
		27A5E77228CE3E5F003B9C36 /* Models */ = {
			isa = PBXGroup;
			children = (
				27A5E77328CE3E72003B9C36 /* Article.swift */,
			);
			path = Models;
			sourceTree = "<group>";
		};
		27A5E77828CE4748003B9C36 /* ViewModels */ = {
			isa = PBXGroup;
			children = (
				27A5E77928CE476A003B9C36 /* ArticleViewModel.swift */,
			);
			path = ViewModels;
			sourceTree = "<group>";
		};
		27A5E77D28CE4B7F003B9C36 /* Cells */ = {
			isa = PBXGroup;
			children = (
				27A5E77E28CE4B91003B9C36 /* ArticleTableViewCell.swift */,
			);
			path = Cells;
			sourceTree = "<group>";
		};
/* End PBXGroup section */

/* Begin PBXNativeTarget section */
		27A5E73228CE34D1003B9C36 /* GoodNews */ = {
			isa = PBXNativeTarget;
			buildConfigurationList = 27A5E75D28CE34D2003B9C36 /* Build configuration list for PBXNativeTarget "GoodNews" */;
			buildPhases = (
				27A5E72F28CE34D1003B9C36 /* Sources */,
				27A5E73028CE34D1003B9C36 /* Frameworks */,
				27A5E73128CE34D1003B9C36 /* Resources */,
			);
			buildRules = (
			);
			dependencies = (
			);
			name = GoodNews;
			packageProductDependencies = (
				27A5E76A28CE3B6F003B9C36 /* Then */,
				27A5E77028CE3BBC003B9C36 /* SnapKit */,
				27A5E77628CE42BB003B9C36 /* Alamofire */,
			);
			productName = GoodNews;
			productReference = 27A5E73328CE34D1003B9C36 /* GoodNews.app */;
			productType = "com.apple.product-type.application";
		};
		27A5E74828CE34D2003B9C36 /* GoodNewsTests */ = {
			isa = PBXNativeTarget;
			buildConfigurationList = 27A5E76028CE34D2003B9C36 /* Build configuration list for PBXNativeTarget "GoodNewsTests" */;
			buildPhases = (
				27A5E74528CE34D2003B9C36 /* Sources */,
				27A5E74628CE34D2003B9C36 /* Frameworks */,
				27A5E74728CE34D2003B9C36 /* Resources */,
			);
			buildRules = (
			);
			dependencies = (
				27A5E74B28CE34D2003B9C36 /* PBXTargetDependency */,
			);
			name = GoodNewsTests;
			productName = GoodNewsTests;
			productReference = 27A5E74928CE34D2003B9C36 /* GoodNewsTests.xctest */;
			productType = "com.apple.product-type.bundle.unit-test";
		};
		27A5E75228CE34D2003B9C36 /* GoodNewsUITests */ = {
			isa = PBXNativeTarget;
			buildConfigurationList = 27A5E76328CE34D2003B9C36 /* Build configuration list for PBXNativeTarget "GoodNewsUITests" */;
			buildPhases = (
				27A5E74F28CE34D2003B9C36 /* Sources */,
				27A5E75028CE34D2003B9C36 /* Frameworks */,
				27A5E75128CE34D2003B9C36 /* Resources */,
			);
			buildRules = (
			);
			dependencies = (
				27A5E75528CE34D2003B9C36 /* PBXTargetDependency */,
			);
			name = GoodNewsUITests;
			productName = GoodNewsUITests;
			productReference = 27A5E75328CE34D2003B9C36 /* GoodNewsUITests.xctest */;
			productType = "com.apple.product-type.bundle.ui-testing";
		};
/* End PBXNativeTarget section */

/* Begin PBXProject section */
		27A5E72B28CE34D1003B9C36 /* Project object */ = {
			isa = PBXProject;
			attributes = {
				BuildIndependentTargetsInParallel = 1;
				LastSwiftUpdateCheck = 1340;
				LastUpgradeCheck = 1340;
				TargetAttributes = {
					27A5E73228CE34D1003B9C36 = {
						CreatedOnToolsVersion = 13.4.1;
					};
					27A5E74828CE34D2003B9C36 = {
						CreatedOnToolsVersion = 13.4.1;
						TestTargetID = 27A5E73228CE34D1003B9C36;
					};
					27A5E75228CE34D2003B9C36 = {
						CreatedOnToolsVersion = 13.4.1;
						TestTargetID = 27A5E73228CE34D1003B9C36;
					};
				};
			};
			buildConfigurationList = 27A5E72E28CE34D1003B9C36 /* Build configuration list for PBXProject "GoodNews" */;
			compatibilityVersion = "Xcode 13.0";
			developmentRegion = en;
			hasScannedForEncodings = 0;
			knownRegions = (
				en,
				Base,
			);
			mainGroup = 27A5E72A28CE34D1003B9C36;
			packageReferences = (
				27A5E76928CE3B6F003B9C36 /* XCRemoteSwiftPackageReference "Then" */,
				27A5E76F28CE3BBC003B9C36 /* XCRemoteSwiftPackageReference "SnapKit" */,
				27A5E77528CE42BB003B9C36 /* XCRemoteSwiftPackageReference "Alamofire" */,
			);
			productRefGroup = 27A5E73428CE34D1003B9C36 /* Products */;
			projectDirPath = "";
			projectRoot = "";
			targets = (
				27A5E73228CE34D1003B9C36 /* GoodNews */,
				27A5E74828CE34D2003B9C36 /* GoodNewsTests */,
				27A5E75228CE34D2003B9C36 /* GoodNewsUITests */,
			);
		};
/* End PBXProject section */

/* Begin PBXResourcesBuildPhase section */
		27A5E73128CE34D1003B9C36 /* Resources */ = {
			isa = PBXResourcesBuildPhase;
			buildActionMask = 2147483647;
			files = (
				27A5E74328CE34D2003B9C36 /* LaunchScreen.storyboard in Resources */,
				27A5E74028CE34D2003B9C36 /* Assets.xcassets in Resources */,
				27A5E73E28CE34D1003B9C36 /* Main.storyboard in Resources */,
			);
			runOnlyForDeploymentPostprocessing = 0;
		};
		27A5E74728CE34D2003B9C36 /* Resources */ = {
			isa = PBXResourcesBuildPhase;
			buildActionMask = 2147483647;
			files = (
			);
			runOnlyForDeploymentPostprocessing = 0;
		};
		27A5E75128CE34D2003B9C36 /* Resources */ = {
			isa = PBXResourcesBuildPhase;
			buildActionMask = 2147483647;
			files = (
			);
			runOnlyForDeploymentPostprocessing = 0;
		};
/* End PBXResourcesBuildPhase section */

/* Begin PBXSourcesBuildPhase section */
		27A5E72F28CE34D1003B9C36 /* Sources */ = {
			isa = PBXSourcesBuildPhase;
			buildActionMask = 2147483647;
			files = (
				27A5E73728CE34D1003B9C36 /* AppDelegate.swift in Sources */,
				27A5E76828CE3589003B9C36 /* NewsListTableViewController.swift in Sources */,
				27A5E76E28CE3B8D003B9C36 /* WebService.swift in Sources */,
				27A5E77A28CE476A003B9C36 /* ArticleViewModel.swift in Sources */,
				27A5E73928CE34D1003B9C36 /* SceneDelegate.swift in Sources */,
				27A5E77F28CE4B91003B9C36 /* ArticleTableViewCell.swift in Sources */,
				27A5E77428CE3E72003B9C36 /* Article.swift in Sources */,
			);
			runOnlyForDeploymentPostprocessing = 0;
		};
		27A5E74528CE34D2003B9C36 /* Sources */ = {
			isa = PBXSourcesBuildPhase;
			buildActionMask = 2147483647;
			files = (
				27A5E74E28CE34D2003B9C36 /* GoodNewsTests.swift in Sources */,
			);
			runOnlyForDeploymentPostprocessing = 0;
		};
		27A5E74F28CE34D2003B9C36 /* Sources */ = {
			isa = PBXSourcesBuildPhase;
			buildActionMask = 2147483647;
			files = (
				27A5E75A28CE34D2003B9C36 /* GoodNewsUITestsLaunchTests.swift in Sources */,
				27A5E75828CE34D2003B9C36 /* GoodNewsUITests.swift in Sources */,
			);
			runOnlyForDeploymentPostprocessing = 0;
		};
/* End PBXSourcesBuildPhase section */

/* Begin PBXTargetDependency section */
		27A5E74B28CE34D2003B9C36 /* PBXTargetDependency */ = {
			isa = PBXTargetDependency;
			target = 27A5E73228CE34D1003B9C36 /* GoodNews */;
			targetProxy = 27A5E74A28CE34D2003B9C36 /* PBXContainerItemProxy */;
		};
		27A5E75528CE34D2003B9C36 /* PBXTargetDependency */ = {
			isa = PBXTargetDependency;
			target = 27A5E73228CE34D1003B9C36 /* GoodNews */;
			targetProxy = 27A5E75428CE34D2003B9C36 /* PBXContainerItemProxy */;
		};
/* End PBXTargetDependency section */

/* Begin PBXVariantGroup section */
		27A5E73C28CE34D1003B9C36 /* Main.storyboard */ = {
			isa = PBXVariantGroup;
			children = (
				27A5E73D28CE34D1003B9C36 /* Base */,
			);
			name = Main.storyboard;
			sourceTree = "<group>";
		};
		27A5E74128CE34D2003B9C36 /* LaunchScreen.storyboard */ = {
			isa = PBXVariantGroup;
			children = (
				27A5E74228CE34D2003B9C36 /* Base */,
			);
			name = LaunchScreen.storyboard;
			sourceTree = "<group>";
		};
/* End PBXVariantGroup section */

/* Begin XCBuildConfiguration section */
		27A5E75B28CE34D2003B9C36 /* Debug */ = {
			isa = XCBuildConfiguration;
			buildSettings = {
				ALWAYS_SEARCH_USER_PATHS = NO;
				CLANG_ANALYZER_NONNULL = YES;
				CLANG_ANALYZER_NUMBER_OBJECT_CONVERSION = YES_AGGRESSIVE;
				CLANG_CXX_LANGUAGE_STANDARD = "gnu++17";
				CLANG_ENABLE_MODULES = YES;
				CLANG_ENABLE_OBJC_ARC = YES;
				CLANG_ENABLE_OBJC_WEAK = YES;
				CLANG_WARN_BLOCK_CAPTURE_AUTORELEASING = YES;
				CLANG_WARN_BOOL_CONVERSION = YES;
				CLANG_WARN_COMMA = YES;
				CLANG_WARN_CONSTANT_CONVERSION = YES;
				CLANG_WARN_DEPRECATED_OBJC_IMPLEMENTATIONS = YES;
				CLANG_WARN_DIRECT_OBJC_ISA_USAGE = YES_ERROR;
				CLANG_WARN_DOCUMENTATION_COMMENTS = YES;
				CLANG_WARN_EMPTY_BODY = YES;
				CLANG_WARN_ENUM_CONVERSION = YES;
				CLANG_WARN_INFINITE_RECURSION = YES;
				CLANG_WARN_INT_CONVERSION = YES;
				CLANG_WARN_NON_LITERAL_NULL_CONVERSION = YES;
				CLANG_WARN_OBJC_IMPLICIT_RETAIN_SELF = YES;
				CLANG_WARN_OBJC_LITERAL_CONVERSION = YES;
				CLANG_WARN_OBJC_ROOT_CLASS = YES_ERROR;
				CLANG_WARN_QUOTED_INCLUDE_IN_FRAMEWORK_HEADER = YES;
				CLANG_WARN_RANGE_LOOP_ANALYSIS = YES;
				CLANG_WARN_STRICT_PROTOTYPES = YES;
				CLANG_WARN_SUSPICIOUS_MOVE = YES;
				CLANG_WARN_UNGUARDED_AVAILABILITY = YES_AGGRESSIVE;
				CLANG_WARN_UNREACHABLE_CODE = YES;
				CLANG_WARN__DUPLICATE_METHOD_MATCH = YES;
				COPY_PHASE_STRIP = NO;
				DEBUG_INFORMATION_FORMAT = dwarf;
				ENABLE_STRICT_OBJC_MSGSEND = YES;
				ENABLE_TESTABILITY = YES;
				GCC_C_LANGUAGE_STANDARD = gnu11;
				GCC_DYNAMIC_NO_PIC = NO;
				GCC_NO_COMMON_BLOCKS = YES;
				GCC_OPTIMIZATION_LEVEL = 0;
				GCC_PREPROCESSOR_DEFINITIONS = (
					"DEBUG=1",
					"$(inherited)",
				);
				GCC_WARN_64_TO_32_BIT_CONVERSION = YES;
				GCC_WARN_ABOUT_RETURN_TYPE = YES_ERROR;
				GCC_WARN_UNDECLARED_SELECTOR = YES;
				GCC_WARN_UNINITIALIZED_AUTOS = YES_AGGRESSIVE;
				GCC_WARN_UNUSED_FUNCTION = YES;
				GCC_WARN_UNUSED_VARIABLE = YES;
				IPHONEOS_DEPLOYMENT_TARGET = 15.5;
				MTL_ENABLE_DEBUG_INFO = INCLUDE_SOURCE;
				MTL_FAST_MATH = YES;
				ONLY_ACTIVE_ARCH = YES;
				SDKROOT = iphoneos;
				SWIFT_ACTIVE_COMPILATION_CONDITIONS = DEBUG;
				SWIFT_OPTIMIZATION_LEVEL = "-Onone";
			};
			name = Debug;
		};
		27A5E75C28CE34D2003B9C36 /* Release */ = {
			isa = XCBuildConfiguration;
			buildSettings = {
				ALWAYS_SEARCH_USER_PATHS = NO;
				CLANG_ANALYZER_NONNULL = YES;
				CLANG_ANALYZER_NUMBER_OBJECT_CONVERSION = YES_AGGRESSIVE;
				CLANG_CXX_LANGUAGE_STANDARD = "gnu++17";
				CLANG_ENABLE_MODULES = YES;
				CLANG_ENABLE_OBJC_ARC = YES;
				CLANG_ENABLE_OBJC_WEAK = YES;
				CLANG_WARN_BLOCK_CAPTURE_AUTORELEASING = YES;
				CLANG_WARN_BOOL_CONVERSION = YES;
				CLANG_WARN_COMMA = YES;
				CLANG_WARN_CONSTANT_CONVERSION = YES;
				CLANG_WARN_DEPRECATED_OBJC_IMPLEMENTATIONS = YES;
				CLANG_WARN_DIRECT_OBJC_ISA_USAGE = YES_ERROR;
				CLANG_WARN_DOCUMENTATION_COMMENTS = YES;
				CLANG_WARN_EMPTY_BODY = YES;
				CLANG_WARN_ENUM_CONVERSION = YES;
				CLANG_WARN_INFINITE_RECURSION = YES;
				CLANG_WARN_INT_CONVERSION = YES;
				CLANG_WARN_NON_LITERAL_NULL_CONVERSION = YES;
				CLANG_WARN_OBJC_IMPLICIT_RETAIN_SELF = YES;
				CLANG_WARN_OBJC_LITERAL_CONVERSION = YES;
				CLANG_WARN_OBJC_ROOT_CLASS = YES_ERROR;
				CLANG_WARN_QUOTED_INCLUDE_IN_FRAMEWORK_HEADER = YES;
				CLANG_WARN_RANGE_LOOP_ANALYSIS = YES;
				CLANG_WARN_STRICT_PROTOTYPES = YES;
				CLANG_WARN_SUSPICIOUS_MOVE = YES;
				CLANG_WARN_UNGUARDED_AVAILABILITY = YES_AGGRESSIVE;
				CLANG_WARN_UNREACHABLE_CODE = YES;
				CLANG_WARN__DUPLICATE_METHOD_MATCH = YES;
				COPY_PHASE_STRIP = NO;
				DEBUG_INFORMATION_FORMAT = "dwarf-with-dsym";
				ENABLE_NS_ASSERTIONS = NO;
				ENABLE_STRICT_OBJC_MSGSEND = YES;
				GCC_C_LANGUAGE_STANDARD = gnu11;
				GCC_NO_COMMON_BLOCKS = YES;
				GCC_WARN_64_TO_32_BIT_CONVERSION = YES;
				GCC_WARN_ABOUT_RETURN_TYPE = YES_ERROR;
				GCC_WARN_UNDECLARED_SELECTOR = YES;
				GCC_WARN_UNINITIALIZED_AUTOS = YES_AGGRESSIVE;
				GCC_WARN_UNUSED_FUNCTION = YES;
				GCC_WARN_UNUSED_VARIABLE = YES;
				IPHONEOS_DEPLOYMENT_TARGET = 15.5;
				MTL_ENABLE_DEBUG_INFO = NO;
				MTL_FAST_MATH = YES;
				SDKROOT = iphoneos;
				SWIFT_COMPILATION_MODE = wholemodule;
				SWIFT_OPTIMIZATION_LEVEL = "-O";
				VALIDATE_PRODUCT = YES;
			};
			name = Release;
		};
		27A5E75E28CE34D2003B9C36 /* Debug */ = {
			isa = XCBuildConfiguration;
			buildSettings = {
				ASSETCATALOG_COMPILER_APPICON_NAME = AppIcon;
				ASSETCATALOG_COMPILER_GLOBAL_ACCENT_COLOR_NAME = AccentColor;
				CODE_SIGN_STYLE = Automatic;
				CURRENT_PROJECT_VERSION = 1;
				DEVELOPMENT_TEAM = 82J7RU93V4;
				GENERATE_INFOPLIST_FILE = YES;
				INFOPLIST_FILE = GoodNews/Info.plist;
				INFOPLIST_KEY_UIApplicationSupportsIndirectInputEvents = YES;
				INFOPLIST_KEY_UILaunchStoryboardName = LaunchScreen;
				INFOPLIST_KEY_UIMainStoryboardFile = Main;
				INFOPLIST_KEY_UISupportedInterfaceOrientations_iPad = "UIInterfaceOrientationPortrait UIInterfaceOrientationPortraitUpsideDown UIInterfaceOrientationLandscapeLeft UIInterfaceOrientationLandscapeRight";
				INFOPLIST_KEY_UISupportedInterfaceOrientations_iPhone = "UIInterfaceOrientationPortrait UIInterfaceOrientationLandscapeLeft UIInterfaceOrientationLandscapeRight";
				LD_RUNPATH_SEARCH_PATHS = (
					"$(inherited)",
					"@executable_path/Frameworks",
				);
				MARKETING_VERSION = 1.0;
				PRODUCT_BUNDLE_IDENTIFIER = seaLion.GoodNews;
				PRODUCT_NAME = "$(TARGET_NAME)";
				SWIFT_EMIT_LOC_STRINGS = YES;
				SWIFT_VERSION = 5.0;
				TARGETED_DEVICE_FAMILY = "1,2";
			};
			name = Debug;
		};
		27A5E75F28CE34D2003B9C36 /* Release */ = {
			isa = XCBuildConfiguration;
			buildSettings = {
				ASSETCATALOG_COMPILER_APPICON_NAME = AppIcon;
				ASSETCATALOG_COMPILER_GLOBAL_ACCENT_COLOR_NAME = AccentColor;
				CODE_SIGN_STYLE = Automatic;
				CURRENT_PROJECT_VERSION = 1;
				DEVELOPMENT_TEAM = 82J7RU93V4;
				GENERATE_INFOPLIST_FILE = YES;
				INFOPLIST_FILE = GoodNews/Info.plist;
				INFOPLIST_KEY_UIApplicationSupportsIndirectInputEvents = YES;
				INFOPLIST_KEY_UILaunchStoryboardName = LaunchScreen;
				INFOPLIST_KEY_UIMainStoryboardFile = Main;
				INFOPLIST_KEY_UISupportedInterfaceOrientations_iPad = "UIInterfaceOrientationPortrait UIInterfaceOrientationPortraitUpsideDown UIInterfaceOrientationLandscapeLeft UIInterfaceOrientationLandscapeRight";
				INFOPLIST_KEY_UISupportedInterfaceOrientations_iPhone = "UIInterfaceOrientationPortrait UIInterfaceOrientationLandscapeLeft UIInterfaceOrientationLandscapeRight";
				LD_RUNPATH_SEARCH_PATHS = (
					"$(inherited)",
					"@executable_path/Frameworks",
				);
				MARKETING_VERSION = 1.0;
				PRODUCT_BUNDLE_IDENTIFIER = seaLion.GoodNews;
				PRODUCT_NAME = "$(TARGET_NAME)";
				SWIFT_EMIT_LOC_STRINGS = YES;
				SWIFT_VERSION = 5.0;
				TARGETED_DEVICE_FAMILY = "1,2";
			};
			name = Release;
		};
		27A5E76128CE34D2003B9C36 /* Debug */ = {
			isa = XCBuildConfiguration;
			buildSettings = {
				ALWAYS_EMBED_SWIFT_STANDARD_LIBRARIES = YES;
				BUNDLE_LOADER = "$(TEST_HOST)";
				CODE_SIGN_STYLE = Automatic;
				CURRENT_PROJECT_VERSION = 1;
				DEVELOPMENT_TEAM = 82J7RU93V4;
				GENERATE_INFOPLIST_FILE = YES;
				IPHONEOS_DEPLOYMENT_TARGET = 15.5;
				MARKETING_VERSION = 1.0;
				PRODUCT_BUNDLE_IDENTIFIER = seaLion.GoodNewsTests;
				PRODUCT_NAME = "$(TARGET_NAME)";
				SWIFT_EMIT_LOC_STRINGS = NO;
				SWIFT_VERSION = 5.0;
				TARGETED_DEVICE_FAMILY = "1,2";
				TEST_HOST = "$(BUILT_PRODUCTS_DIR)/GoodNews.app/GoodNews";
			};
			name = Debug;
		};
		27A5E76228CE34D2003B9C36 /* Release */ = {
			isa = XCBuildConfiguration;
			buildSettings = {
				ALWAYS_EMBED_SWIFT_STANDARD_LIBRARIES = YES;
				BUNDLE_LOADER = "$(TEST_HOST)";
				CODE_SIGN_STYLE = Automatic;
				CURRENT_PROJECT_VERSION = 1;
				DEVELOPMENT_TEAM = 82J7RU93V4;
				GENERATE_INFOPLIST_FILE = YES;
				IPHONEOS_DEPLOYMENT_TARGET = 15.5;
				MARKETING_VERSION = 1.0;
				PRODUCT_BUNDLE_IDENTIFIER = seaLion.GoodNewsTests;
				PRODUCT_NAME = "$(TARGET_NAME)";
				SWIFT_EMIT_LOC_STRINGS = NO;
				SWIFT_VERSION = 5.0;
				TARGETED_DEVICE_FAMILY = "1,2";
				TEST_HOST = "$(BUILT_PRODUCTS_DIR)/GoodNews.app/GoodNews";
			};
			name = Release;
		};
		27A5E76428CE34D2003B9C36 /* Debug */ = {
			isa = XCBuildConfiguration;
			buildSettings = {
				ALWAYS_EMBED_SWIFT_STANDARD_LIBRARIES = YES;
				CODE_SIGN_STYLE = Automatic;
				CURRENT_PROJECT_VERSION = 1;
				DEVELOPMENT_TEAM = 82J7RU93V4;
				GENERATE_INFOPLIST_FILE = YES;
				MARKETING_VERSION = 1.0;
				PRODUCT_BUNDLE_IDENTIFIER = seaLion.GoodNewsUITests;
				PRODUCT_NAME = "$(TARGET_NAME)";
				SWIFT_EMIT_LOC_STRINGS = NO;
				SWIFT_VERSION = 5.0;
				TARGETED_DEVICE_FAMILY = "1,2";
				TEST_TARGET_NAME = GoodNews;
			};
			name = Debug;
		};
		27A5E76528CE34D2003B9C36 /* Release */ = {
			isa = XCBuildConfiguration;
			buildSettings = {
				ALWAYS_EMBED_SWIFT_STANDARD_LIBRARIES = YES;
				CODE_SIGN_STYLE = Automatic;
				CURRENT_PROJECT_VERSION = 1;
				DEVELOPMENT_TEAM = 82J7RU93V4;
				GENERATE_INFOPLIST_FILE = YES;
				MARKETING_VERSION = 1.0;
				PRODUCT_BUNDLE_IDENTIFIER = seaLion.GoodNewsUITests;
				PRODUCT_NAME = "$(TARGET_NAME)";
				SWIFT_EMIT_LOC_STRINGS = NO;
				SWIFT_VERSION = 5.0;
				TARGETED_DEVICE_FAMILY = "1,2";
				TEST_TARGET_NAME = GoodNews;
			};
			name = Release;
		};
/* End XCBuildConfiguration section */

/* Begin XCConfigurationList section */
		27A5E72E28CE34D1003B9C36 /* Build configuration list for PBXProject "GoodNews" */ = {
			isa = XCConfigurationList;
			buildConfigurations = (
				27A5E75B28CE34D2003B9C36 /* Debug */,
				27A5E75C28CE34D2003B9C36 /* Release */,
			);
			defaultConfigurationIsVisible = 0;
			defaultConfigurationName = Release;
		};
		27A5E75D28CE34D2003B9C36 /* Build configuration list for PBXNativeTarget "GoodNews" */ = {
			isa = XCConfigurationList;
			buildConfigurations = (
				27A5E75E28CE34D2003B9C36 /* Debug */,
				27A5E75F28CE34D2003B9C36 /* Release */,
			);
			defaultConfigurationIsVisible = 0;
			defaultConfigurationName = Release;
		};
		27A5E76028CE34D2003B9C36 /* Build configuration list for PBXNativeTarget "GoodNewsTests" */ = {
			isa = XCConfigurationList;
			buildConfigurations = (
				27A5E76128CE34D2003B9C36 /* Debug */,
				27A5E76228CE34D2003B9C36 /* Release */,
			);
			defaultConfigurationIsVisible = 0;
			defaultConfigurationName = Release;
		};
		27A5E76328CE34D2003B9C36 /* Build configuration list for PBXNativeTarget "GoodNewsUITests" */ = {
			isa = XCConfigurationList;
			buildConfigurations = (
				27A5E76428CE34D2003B9C36 /* Debug */,
				27A5E76528CE34D2003B9C36 /* Release */,
			);
			defaultConfigurationIsVisible = 0;
			defaultConfigurationName = Release;
		};
/* End XCConfigurationList section */

/* Begin XCRemoteSwiftPackageReference section */
		27A5E76928CE3B6F003B9C36 /* XCRemoteSwiftPackageReference "Then" */ = {
			isa = XCRemoteSwiftPackageReference;
			repositoryURL = "https://github.com/devxoul/Then";
			requirement = {
				kind = upToNextMinorVersion;
				minimumVersion = 3.0.0;
			};
		};
		27A5E76F28CE3BBC003B9C36 /* XCRemoteSwiftPackageReference "SnapKit" */ = {
			isa = XCRemoteSwiftPackageReference;
			repositoryURL = "https://github.com/SnapKit/SnapKit.git";
			requirement = {
				kind = upToNextMinorVersion;
				minimumVersion = 5.6.0;
			};
		};
		27A5E77528CE42BB003B9C36 /* XCRemoteSwiftPackageReference "Alamofire" */ = {
			isa = XCRemoteSwiftPackageReference;
			repositoryURL = "https://github.com/Alamofire/Alamofire.git";
			requirement = {
				kind = upToNextMinorVersion;
				minimumVersion = 5.6.0;
			};
		};
/* End XCRemoteSwiftPackageReference section */

/* Begin XCSwiftPackageProductDependency section */
		27A5E76A28CE3B6F003B9C36 /* Then */ = {
			isa = XCSwiftPackageProductDependency;
			package = 27A5E76928CE3B6F003B9C36 /* XCRemoteSwiftPackageReference "Then" */;
			productName = Then;
		};
		27A5E77028CE3BBC003B9C36 /* SnapKit */ = {
			isa = XCSwiftPackageProductDependency;
			package = 27A5E76F28CE3BBC003B9C36 /* XCRemoteSwiftPackageReference "SnapKit" */;
			productName = SnapKit;
		};
		27A5E77628CE42BB003B9C36 /* Alamofire */ = {
			isa = XCSwiftPackageProductDependency;
			package = 27A5E77528CE42BB003B9C36 /* XCRemoteSwiftPackageReference "Alamofire" */;
			productName = Alamofire;
		};
/* End XCSwiftPackageProductDependency section */
	};
	rootObject = 27A5E72B28CE34D1003B9C36 /* Project object */;
}
